github.com/arl/statsviz v0.4.0 h1:pv8DWfti0TC8M2Baold2xGnCnir9jhqv1BO6UNKQmqY=
github.com/arl/statsviz v0.4.0/go.mod h1:+5inUy/dxy11x/KSmicG3ZrEEy0Yr81AFm3dn4QC04M=
github.com/gorilla/websocket v1.4.2 h1:+/TMaTYc4QFitKJxsQ7Yye35DkWvkdLcvGKqM+x0Ufc=
github.com/gorilla/websocket v1.4.2/go.mod h1:YR8l580nyteQvAITg2hZ9XVh4b55+EU/adAjf1fMHhE=
